
Microsoft Visual Studio Solution File, Format Version 12.00
# Visual Studio 14
VisualStudioVersion = 14.0.23107.0
MinimumVisualStudioVersion = 10.0.40219.1
Project("{FAE04EC0-301F-11D3-BF4B-00C04F79EFBC}") = "transposition-decoder", "transposition-decoder\transposition-decoder.csproj", "{AF79C066-4CBD-4818-82C4-1206D8B08369}"
EndProject
Global
	GlobalSection(SolutionConfigurationPlatforms) = preSolution
		Debug|Any CPU = Debug|Any CPU
		Release|Any CPU = Release|Any CPU
	EndGlobalSection
	GlobalSection(ProjectConfigurationPlatforms) = postSolution
		{AF79C066-4CBD-4818-82C4-1206D8B08369}.Debug|Any CPU.ActiveCfg = Debug|Any CPU
		{AF79C066-4CBD-4818-82C4-1206D8B08369}.Debug|Any CPU.Build.0 = Debug|Any CPU
		{AF79C066-4CBD-4818-82C4-1206D8B08369}.Release|Any CPU.ActiveCfg = Release|Any CPU
		{AF79C066-4CBD-4818-82C4-1206D8B08369}.Release|Any CPU.Build.0 = Release|Any CPU
	EndGlobalSection
	GlobalSection(SolutionProperties) = preSolution
		HideSolutionNode = FALSE
	EndGlobalSection
EndGlobal
